// !$*UTF8*$!
{
	archiveVersion = 1;
	classes = {
	};
	objectVersion = 51;
	objects = {

/* Begin PBXBuildFile section */
		4A14F93B3F264CEEE5A11042 /* Pods_polaris_ios.framework in Frameworks */ = {isa = PBXBuildFile; fileRef = 96F59A4C63DB82D6CF9102A2 /* Pods_polaris_ios.framework */; };
		CE04A036262340D1007C98E2 /* AppDelegate.swift in Sources */ = {isa = PBXBuildFile; fileRef = CE04A035262340D1007C98E2 /* AppDelegate.swift */; };
		CE04A038262340D1007C98E2 /* SceneDelegate.swift in Sources */ = {isa = PBXBuildFile; fileRef = CE04A037262340D1007C98E2 /* SceneDelegate.swift */; };
		CE04A03D262340D1007C98E2 /* Main.storyboard in Resources */ = {isa = PBXBuildFile; fileRef = CE04A03B262340D1007C98E2 /* Main.storyboard */; };
		CE04A03F262340D3007C98E2 /* Assets.xcassets in Resources */ = {isa = PBXBuildFile; fileRef = CE04A03E262340D3007C98E2 /* Assets.xcassets */; };
		CE04A042262340D3007C98E2 /* LaunchScreen.storyboard in Resources */ = {isa = PBXBuildFile; fileRef = CE04A040262340D3007C98E2 /* LaunchScreen.storyboard */; };
		CE04A05D26234606007C98E2 /* UIColor+.swift in Sources */ = {isa = PBXBuildFile; fileRef = CE04A05C26234606007C98E2 /* UIColor+.swift */; };
		CE04A060262346C9007C98E2 /* UICollectionView+.swift in Sources */ = {isa = PBXBuildFile; fileRef = CE04A05F262346C9007C98E2 /* UICollectionView+.swift */; };
		CE04A06326234701007C98E2 /* UIView+.swift in Sources */ = {isa = PBXBuildFile; fileRef = CE04A06226234701007C98E2 /* UIView+.swift */; };
		CE04A06626234CEE007C98E2 /* UITableView+.swift in Sources */ = {isa = PBXBuildFile; fileRef = CE04A06526234CEE007C98E2 /* UITableView+.swift */; };
		CE04A06A2623528C007C98E2 /* UIViewController+.swift in Sources */ = {isa = PBXBuildFile; fileRef = CE04A0692623528B007C98E2 /* UIViewController+.swift */; };
		CE04A06E2623595D007C98E2 /* StoryboardName.swift in Sources */ = {isa = PBXBuildFile; fileRef = CE04A06D2623595D007C98E2 /* StoryboardName.swift */; };
		CE04A07526235BD1007C98E2 /* DefaultSession.swift in Sources */ = {isa = PBXBuildFile; fileRef = CE04A07426235BD1007C98E2 /* DefaultSession.swift */; };
		CE574D97263517B60046D20A /* AddTodoSelectStarTableViewCell.swift in Sources */ = {isa = PBXBuildFile; fileRef = CE574D95263517B60046D20A /* AddTodoSelectStarTableViewCell.swift */; };
		CE574D98263517B60046D20A /* AddTodoSelectStarTableViewCell.xib in Resources */ = {isa = PBXBuildFile; fileRef = CE574D96263517B60046D20A /* AddTodoSelectStarTableViewCell.xib */; };
		CE574D9D263524140046D20A /* SelectStarItemCollectionViewCell.swift in Sources */ = {isa = PBXBuildFile; fileRef = CE574D9B263524140046D20A /* SelectStarItemCollectionViewCell.swift */; };
		CE574D9E263524140046D20A /* SelectStarItemCollectionViewCell.xib in Resources */ = {isa = PBXBuildFile; fileRef = CE574D9C263524140046D20A /* SelectStarItemCollectionViewCell.xib */; };
		CE574DA226352A6D0046D20A /* PolarisStar.swift in Sources */ = {isa = PBXBuildFile; fileRef = CE574DA126352A6D0046D20A /* PolarisStar.swift */; };
		CE574DA526352CB60046D20A /* AddTodoSelectStarViewModel.swift in Sources */ = {isa = PBXBuildFile; fileRef = CE574DA426352CB60046D20A /* AddTodoSelectStarViewModel.swift */; };
		CE574DA8263555330046D20A /* AddTodoVC+Delegate.swift in Sources */ = {isa = PBXBuildFile; fileRef = CE574DA7263555330046D20A /* AddTodoVC+Delegate.swift */; };
		CE574DBB26357CBC0046D20A /* PolarisToastManager.swift in Sources */ = {isa = PBXBuildFile; fileRef = CE574DBA26357CBC0046D20A /* PolarisToastManager.swift */; };
		CE574DBE263588E20046D20A /* PolarisToastView.xib in Resources */ = {isa = PBXBuildFile; fileRef = CE574DBD263588E20046D20A /* PolarisToastView.xib */; };
		CE574DC1263589180046D20A /* PolarisToastView.swift in Sources */ = {isa = PBXBuildFile; fileRef = CE574DC0263589180046D20A /* PolarisToastView.swift */; };
		CEC19ADC2650E11400DA747C /* JourneyTodo.storyboard in Resources */ = {isa = PBXBuildFile; fileRef = CEC19ADB2650E11400DA747C /* JourneyTodo.storyboard */; };
		CEC19ADF2650E13100DA747C /* JourneyTodoVC.swift in Sources */ = {isa = PBXBuildFile; fileRef = CEC19ADE2650E13100DA747C /* JourneyTodoVC.swift */; };
		CEC19AE42650F86100DA747C /* JourneyTodoHeaderView.xib in Resources */ = {isa = PBXBuildFile; fileRef = CEC19AE32650F86100DA747C /* JourneyTodoHeaderView.xib */; };
		CEC19AE72650F87400DA747C /* JourneyTodoHeaderView.swift in Sources */ = {isa = PBXBuildFile; fileRef = CEC19AE62650F87400DA747C /* JourneyTodoHeaderView.swift */; };
		CEC48ED4262DCA9100FD887F /* DropdownItemTableViewCell.swift in Sources */ = {isa = PBXBuildFile; fileRef = CEC48ED2262DCA9100FD887F /* DropdownItemTableViewCell.swift */; };
		CEC48ED5262DCA9100FD887F /* DropdownItemTableViewCell.xib in Resources */ = {isa = PBXBuildFile; fileRef = CEC48ED3262DCA9100FD887F /* DropdownItemTableViewCell.xib */; };
		CEC48ED9262DCD2A00FD887F /* AddTodoDropdownViewModel.swift in Sources */ = {isa = PBXBuildFile; fileRef = CEC48ED8262DCD2A00FD887F /* AddTodoDropdownViewModel.swift */; };
		CEE574D82630422600EA64B7 /* AddTodoDayTableViewCell.swift in Sources */ = {isa = PBXBuildFile; fileRef = CEE574D62630422600EA64B7 /* AddTodoDayTableViewCell.swift */; };
		CEE574D92630422600EA64B7 /* AddTodoDayTableViewCell.xib in Resources */ = {isa = PBXBuildFile; fileRef = CEE574D72630422600EA64B7 /* AddTodoDayTableViewCell.xib */; };
		CEE574E926307B4400EA64B7 /* AddTodoDayViewModel.swift in Sources */ = {isa = PBXBuildFile; fileRef = CEE574E826307B4400EA64B7 /* AddTodoDayViewModel.swift */; };
		CEE574EC26307C4D00EA64B7 /* Array+.swift in Sources */ = {isa = PBXBuildFile; fileRef = CEE574EB26307C4D00EA64B7 /* Array+.swift */; };
		CEE574F026307D7C00EA64B7 /* PerDayItemCollectionViewCell.swift in Sources */ = {isa = PBXBuildFile; fileRef = CEE574EE26307D7C00EA64B7 /* PerDayItemCollectionViewCell.swift */; };
		CEE574F126307D7C00EA64B7 /* PerDayItemCollectionViewCell.xib in Resources */ = {isa = PBXBuildFile; fileRef = CEE574EF26307D7C00EA64B7 /* PerDayItemCollectionViewCell.xib */; };
		CEE574F5263092A400EA64B7 /* Date+.swift in Sources */ = {isa = PBXBuildFile; fileRef = CEE574F4263092A400EA64B7 /* Date+.swift */; };
		CEEE573D262A952100C39358 /* MockProviderFactory.swift in Sources */ = {isa = PBXBuildFile; fileRef = CEEE573B262A952000C39358 /* MockProviderFactory.swift */; };
		CEEE573E262A952100C39358 /* NetworkManager.swift in Sources */ = {isa = PBXBuildFile; fileRef = CEEE573C262A952100C39358 /* NetworkManager.swift */; };
		CEEE5743262A955D00C39358 /* PolarisUserManager.swift in Sources */ = {isa = PBXBuildFile; fileRef = CEEE5742262A955D00C39358 /* PolarisUserManager.swift */; };
		CEEE5746262A958B00C39358 /* UserDefaultKey.swift in Sources */ = {isa = PBXBuildFile; fileRef = CEEE5745262A958B00C39358 /* UserDefaultKey.swift */; };
		CEEE574A262A95BD00C39358 /* UserDefaultWrapper.swift in Sources */ = {isa = PBXBuildFile; fileRef = CEEE5749262A95BD00C39358 /* UserDefaultWrapper.swift */; };
		CEEE574D262A963D00C39358 /* DeviceInfo.swift in Sources */ = {isa = PBXBuildFile; fileRef = CEEE574C262A963D00C39358 /* DeviceInfo.swift */; };
		CEEE5750262A965400C39358 /* HalfModalVC.swift in Sources */ = {isa = PBXBuildFile; fileRef = CEEE574F262A965400C39358 /* HalfModalVC.swift */; };
		CEEE575D262AD5FA00C39358 /* AddTodo.storyboard in Resources */ = {isa = PBXBuildFile; fileRef = CEEE575C262AD5FA00C39358 /* AddTodo.storyboard */; };
		CEEE5760262AD62C00C39358 /* AddTodoVC.swift in Sources */ = {isa = PBXBuildFile; fileRef = CEEE575F262AD62C00C39358 /* AddTodoVC.swift */; };
		CEEE5766262ADBA200C39358 /* AddButton.swift in Sources */ = {isa = PBXBuildFile; fileRef = CEEE5765262ADBA200C39358 /* AddButton.swift */; };
		CEEE576A262AE47B00C39358 /* SampleViewController.swift in Sources */ = {isa = PBXBuildFile; fileRef = CEEE5769262AE47B00C39358 /* SampleViewController.swift */; };
		CEEE576E262AE6F400C39358 /* AddTodoTextTableViewCell.swift in Sources */ = {isa = PBXBuildFile; fileRef = CEEE576C262AE6F400C39358 /* AddTodoTextTableViewCell.swift */; };
		CEEE576F262AE6F400C39358 /* AddTodoTextTableViewCell.xib in Resources */ = {isa = PBXBuildFile; fileRef = CEEE576D262AE6F400C39358 /* AddTodoTextTableViewCell.xib */; };
		CEEE5774262BE1DE00C39358 /* AddTodoTableViewCellProtocol.swift in Sources */ = {isa = PBXBuildFile; fileRef = CEEE5773262BE1DE00C39358 /* AddTodoTableViewCellProtocol.swift */; };
		CEEE5777262BE51C00C39358 /* PolarisMarginTextField.swift in Sources */ = {isa = PBXBuildFile; fileRef = CEEE5776262BE51C00C39358 /* PolarisMarginTextField.swift */; };
		CEEE577A262BE54900C39358 /* PolarisMarginTextField.xib in Resources */ = {isa = PBXBuildFile; fileRef = CEEE5779262BE54900C39358 /* PolarisMarginTextField.xib */; };
		CEEE5782262C018F00C39358 /* AddTodoViewModel.swift in Sources */ = {isa = PBXBuildFile; fileRef = CEEE5781262C018F00C39358 /* AddTodoViewModel.swift */; };
		CEEE5786262C112E00C39358 /* AddTodoFixOnTopTableViewCell.swift in Sources */ = {isa = PBXBuildFile; fileRef = CEEE5784262C112D00C39358 /* AddTodoFixOnTopTableViewCell.swift */; };
		CEEE5787262C112E00C39358 /* AddTodoFixOnTopTableViewCell.xib in Resources */ = {isa = PBXBuildFile; fileRef = CEEE5785262C112D00C39358 /* AddTodoFixOnTopTableViewCell.xib */; };
		CEEE57A5262C297700C39358 /* AddTodoDropdownTableViewCell.swift in Sources */ = {isa = PBXBuildFile; fileRef = CEEE57A3262C297700C39358 /* AddTodoDropdownTableViewCell.swift */; };
		CEEE57A6262C297700C39358 /* AddTodoDropdownTableViewCell.xib in Resources */ = {isa = PBXBuildFile; fileRef = CEEE57A4262C297700C39358 /* AddTodoDropdownTableViewCell.xib */; };
		EC49B959262EAF3D0080F8C3 /* StarNames.swift in Sources */ = {isa = PBXBuildFile; fileRef = EC49B958262EAF3D0080F8C3 /* StarNames.swift */; };
		EC7A3BF526394C3400B59C98 /* TodoStarModel.swift in Sources */ = {isa = PBXBuildFile; fileRef = EC7A3BF426394C3400B59C98 /* TodoStarModel.swift */; };
		EC7A3BF826394CC900B59C98 /* MainTodoCVCViewModel.swift in Sources */ = {isa = PBXBuildFile; fileRef = EC7A3BF726394CC900B59C98 /* MainTodoCVCViewModel.swift */; };
		EC7A3BFB2639537A00B59C98 /* MainTodoTVCViewModel.swift in Sources */ = {isa = PBXBuildFile; fileRef = EC7A3BFA2639537A00B59C98 /* MainTodoTVCViewModel.swift */; };
		ECA49419262817D500CC2EB8 /* TodoDate.storyboard in Resources */ = {isa = PBXBuildFile; fileRef = ECA49418262817D500CC2EB8 /* TodoDate.storyboard */; };
		ECA4941C262819D300CC2EB8 /* TodoDateVC.swift in Sources */ = {isa = PBXBuildFile; fileRef = ECA4941B262819D300CC2EB8 /* TodoDateVC.swift */; };
		ECA494232628223200CC2EB8 /* TodoDateTVC.swift in Sources */ = {isa = PBXBuildFile; fileRef = ECA494212628223200CC2EB8 /* TodoDateTVC.swift */; };
		ECA494242628223200CC2EB8 /* TodoDateTVC.xib in Resources */ = {isa = PBXBuildFile; fileRef = ECA494222628223200CC2EB8 /* TodoDateTVC.xib */; };
		ECA494292628298B00CC2EB8 /* TodoModel.swift in Sources */ = {isa = PBXBuildFile; fileRef = ECA494282628298B00CC2EB8 /* TodoModel.swift */; };
		ECA4942C262829EA00CC2EB8 /* TodoDateViewModel.swift in Sources */ = {isa = PBXBuildFile; fileRef = ECA4942B262829EA00CC2EB8 /* TodoDateViewModel.swift */; };
		ECA4943F26284B0B00CC2EB8 /* TodoDateHeaderView.swift in Sources */ = {isa = PBXBuildFile; fileRef = ECA4943D26284B0B00CC2EB8 /* TodoDateHeaderView.swift */; };
		ECA4944026284B0B00CC2EB8 /* TodoDateHeaderView.xib in Resources */ = {isa = PBXBuildFile; fileRef = ECA4943E26284B0B00CC2EB8 /* TodoDateHeaderView.xib */; };
		ECA4944426296F6E00CC2EB8 /* TodoDateTVCViewModel.swift in Sources */ = {isa = PBXBuildFile; fileRef = ECA4944326296F6E00CC2EB8 /* TodoDateTVCViewModel.swift */; };
		ECA494472629729000CC2EB8 /* TodoDateModel.swift in Sources */ = {isa = PBXBuildFile; fileRef = ECA494462629729000CC2EB8 /* TodoDateModel.swift */; };
		ECA49455262B0D0900CC2EB8 /* TodoDateTodayHeaderView.swift in Sources */ = {isa = PBXBuildFile; fileRef = ECA49453262B0D0900CC2EB8 /* TodoDateTodayHeaderView.swift */; };
		ECA49456262B0D0900CC2EB8 /* TodoDateTodayHeaderView.xib in Resources */ = {isa = PBXBuildFile; fileRef = ECA49454262B0D0900CC2EB8 /* TodoDateTodayHeaderView.xib */; };
		ECA4945B262C177D00CC2EB8 /* ImageName.swift in Sources */ = {isa = PBXBuildFile; fileRef = ECA4945A262C177D00CC2EB8 /* ImageName.swift */; };
		ECA4945F262C205C00CC2EB8 /* MainScene.storyboard in Resources */ = {isa = PBXBuildFile; fileRef = ECA4945E262C205C00CC2EB8 /* MainScene.storyboard */; };
		ECA49462262C20DD00CC2EB8 /* MainSceneVC.swift in Sources */ = {isa = PBXBuildFile; fileRef = ECA49461262C20DD00CC2EB8 /* MainSceneVC.swift */; };
		ECA49466262C2C7700CC2EB8 /* MainStarTVC.swift in Sources */ = {isa = PBXBuildFile; fileRef = ECA49464262C2C7700CC2EB8 /* MainStarTVC.swift */; };
		ECA49467262C2C7700CC2EB8 /* MainStarTVC.xib in Resources */ = {isa = PBXBuildFile; fileRef = ECA49465262C2C7700CC2EB8 /* MainStarTVC.xib */; };
		ECA49470262C2DD200CC2EB8 /* MainStarCVC.swift in Sources */ = {isa = PBXBuildFile; fileRef = ECA4946E262C2DD200CC2EB8 /* MainStarCVC.swift */; };
		ECA49471262C2DD200CC2EB8 /* MainStarCVC.xib in Resources */ = {isa = PBXBuildFile; fileRef = ECA4946F262C2DD200CC2EB8 /* MainStarCVC.xib */; };
		ECA49475262C461700CC2EB8 /* MainStarModel.swift in Sources */ = {isa = PBXBuildFile; fileRef = ECA49474262C461700CC2EB8 /* MainStarModel.swift */; };
		ECA49478262C46BB00CC2EB8 /* MainSceneViewModel.swift in Sources */ = {isa = PBXBuildFile; fileRef = ECA49477262C46BB00CC2EB8 /* MainSceneViewModel.swift */; };
		ECA4947B262C48BB00CC2EB8 /* MainStarCVCViewModel.swift in Sources */ = {isa = PBXBuildFile; fileRef = ECA4947A262C48BB00CC2EB8 /* MainStarCVCViewModel.swift */; };
		ECA4947E262C670000CC2EB8 /* MainStarTVCViewModel.swift in Sources */ = {isa = PBXBuildFile; fileRef = ECA4947D262C670000CC2EB8 /* MainStarTVCViewModel.swift */; };
		ECA49486262DC17A00CC2EB8 /* UILabel+.swift in Sources */ = {isa = PBXBuildFile; fileRef = ECA49485262DC17A00CC2EB8 /* UILabel+.swift */; };
		ECA49489262DC40F00CC2EB8 /* String+.swift in Sources */ = {isa = PBXBuildFile; fileRef = ECA49488262DC40F00CC2EB8 /* String+.swift */; };
		ECDC5A47263552A700A1B5A9 /* MainTodoTVC.swift in Sources */ = {isa = PBXBuildFile; fileRef = ECDC5A45263552A700A1B5A9 /* MainTodoTVC.swift */; };
		ECDC5A48263552A700A1B5A9 /* MainTodoTVC.xib in Resources */ = {isa = PBXBuildFile; fileRef = ECDC5A46263552A700A1B5A9 /* MainTodoTVC.xib */; };
		ECDC5A4D2635530300A1B5A9 /* MainTodoCVC.swift in Sources */ = {isa = PBXBuildFile; fileRef = ECDC5A4B2635530300A1B5A9 /* MainTodoCVC.swift */; };
		ECDC5A4E2635530300A1B5A9 /* MainTodoCVC.xib in Resources */ = {isa = PBXBuildFile; fileRef = ECDC5A4C2635530300A1B5A9 /* MainTodoCVC.xib */; };
		ECDC5A572636A0AB00A1B5A9 /* MainTodoContentTVC.swift in Sources */ = {isa = PBXBuildFile; fileRef = ECDC5A552636A0AB00A1B5A9 /* MainTodoContentTVC.swift */; };
		ECDC5A582636A0AB00A1B5A9 /* MainTodoContentTVC.xib in Resources */ = {isa = PBXBuildFile; fileRef = ECDC5A562636A0AB00A1B5A9 /* MainTodoContentTVC.xib */; };
		ECDC5A5C2636A13600A1B5A9 /* MainTodoHeaderView.swift in Sources */ = {isa = PBXBuildFile; fileRef = ECDC5A5A2636A13600A1B5A9 /* MainTodoHeaderView.swift */; };
		ECDC5A5D2636A13600A1B5A9 /* MainTodoHeaderView.xib in Resources */ = {isa = PBXBuildFile; fileRef = ECDC5A5B2636A13600A1B5A9 /* MainTodoHeaderView.xib */; };
/* End PBXBuildFile section */

/* Begin PBXFileReference section */
		96F59A4C63DB82D6CF9102A2 /* Pods_polaris_ios.framework */ = {isa = PBXFileReference; explicitFileType = wrapper.framework; includeInIndex = 0; path = Pods_polaris_ios.framework; sourceTree = BUILT_PRODUCTS_DIR; };
		B99945FF07FDC10893694E03 /* Pods-polaris-ios.debug.xcconfig */ = {isa = PBXFileReference; includeInIndex = 1; lastKnownFileType = text.xcconfig; name = "Pods-polaris-ios.debug.xcconfig"; path = "Target Support Files/Pods-polaris-ios/Pods-polaris-ios.debug.xcconfig"; sourceTree = "<group>"; };
		CE04A032262340D1007C98E2 /* polaris-ios.app */ = {isa = PBXFileReference; explicitFileType = wrapper.application; includeInIndex = 0; path = "polaris-ios.app"; sourceTree = BUILT_PRODUCTS_DIR; };
		CE04A035262340D1007C98E2 /* AppDelegate.swift */ = {isa = PBXFileReference; lastKnownFileType = sourcecode.swift; path = AppDelegate.swift; sourceTree = "<group>"; };
		CE04A037262340D1007C98E2 /* SceneDelegate.swift */ = {isa = PBXFileReference; lastKnownFileType = sourcecode.swift; path = SceneDelegate.swift; sourceTree = "<group>"; };
		CE04A03C262340D1007C98E2 /* Base */ = {isa = PBXFileReference; lastKnownFileType = file.storyboard; name = Base; path = Base.lproj/Main.storyboard; sourceTree = "<group>"; };
		CE04A03E262340D3007C98E2 /* Assets.xcassets */ = {isa = PBXFileReference; lastKnownFileType = folder.assetcatalog; path = Assets.xcassets; sourceTree = "<group>"; };
		CE04A041262340D3007C98E2 /* Base */ = {isa = PBXFileReference; lastKnownFileType = file.storyboard; name = Base; path = Base.lproj/LaunchScreen.storyboard; sourceTree = "<group>"; };
		CE04A043262340D3007C98E2 /* Info.plist */ = {isa = PBXFileReference; lastKnownFileType = text.plist.xml; path = Info.plist; sourceTree = "<group>"; };
		CE04A05C26234606007C98E2 /* UIColor+.swift */ = {isa = PBXFileReference; lastKnownFileType = sourcecode.swift; path = "UIColor+.swift"; sourceTree = "<group>"; };
		CE04A05F262346C9007C98E2 /* UICollectionView+.swift */ = {isa = PBXFileReference; lastKnownFileType = sourcecode.swift; path = "UICollectionView+.swift"; sourceTree = "<group>"; };
		CE04A06226234701007C98E2 /* UIView+.swift */ = {isa = PBXFileReference; lastKnownFileType = sourcecode.swift; path = "UIView+.swift"; sourceTree = "<group>"; };
		CE04A06526234CEE007C98E2 /* UITableView+.swift */ = {isa = PBXFileReference; lastKnownFileType = sourcecode.swift; path = "UITableView+.swift"; sourceTree = "<group>"; };
		CE04A0692623528B007C98E2 /* UIViewController+.swift */ = {isa = PBXFileReference; lastKnownFileType = sourcecode.swift; path = "UIViewController+.swift"; sourceTree = "<group>"; };
		CE04A06D2623595D007C98E2 /* StoryboardName.swift */ = {isa = PBXFileReference; lastKnownFileType = sourcecode.swift; path = StoryboardName.swift; sourceTree = "<group>"; };
		CE04A07426235BD1007C98E2 /* DefaultSession.swift */ = {isa = PBXFileReference; lastKnownFileType = sourcecode.swift; path = DefaultSession.swift; sourceTree = "<group>"; };
		CE574D95263517B60046D20A /* AddTodoSelectStarTableViewCell.swift */ = {isa = PBXFileReference; lastKnownFileType = sourcecode.swift; path = AddTodoSelectStarTableViewCell.swift; sourceTree = "<group>"; };
		CE574D96263517B60046D20A /* AddTodoSelectStarTableViewCell.xib */ = {isa = PBXFileReference; lastKnownFileType = file.xib; path = AddTodoSelectStarTableViewCell.xib; sourceTree = "<group>"; };
		CE574D9B263524140046D20A /* SelectStarItemCollectionViewCell.swift */ = {isa = PBXFileReference; lastKnownFileType = sourcecode.swift; path = SelectStarItemCollectionViewCell.swift; sourceTree = "<group>"; };
		CE574D9C263524140046D20A /* SelectStarItemCollectionViewCell.xib */ = {isa = PBXFileReference; lastKnownFileType = file.xib; path = SelectStarItemCollectionViewCell.xib; sourceTree = "<group>"; };
		CE574DA126352A6D0046D20A /* PolarisStar.swift */ = {isa = PBXFileReference; lastKnownFileType = sourcecode.swift; path = PolarisStar.swift; sourceTree = "<group>"; };
		CE574DA426352CB60046D20A /* AddTodoSelectStarViewModel.swift */ = {isa = PBXFileReference; lastKnownFileType = sourcecode.swift; path = AddTodoSelectStarViewModel.swift; sourceTree = "<group>"; };
		CE574DA7263555330046D20A /* AddTodoVC+Delegate.swift */ = {isa = PBXFileReference; lastKnownFileType = sourcecode.swift; path = "AddTodoVC+Delegate.swift"; sourceTree = "<group>"; };
		CE574DBA26357CBC0046D20A /* PolarisToastManager.swift */ = {isa = PBXFileReference; lastKnownFileType = sourcecode.swift; path = PolarisToastManager.swift; sourceTree = "<group>"; };
		CE574DBD263588E20046D20A /* PolarisToastView.xib */ = {isa = PBXFileReference; lastKnownFileType = file.xib; path = PolarisToastView.xib; sourceTree = "<group>"; };
		CE574DC0263589180046D20A /* PolarisToastView.swift */ = {isa = PBXFileReference; lastKnownFileType = sourcecode.swift; path = PolarisToastView.swift; sourceTree = "<group>"; };
		CEC19ADB2650E11400DA747C /* JourneyTodo.storyboard */ = {isa = PBXFileReference; lastKnownFileType = file.storyboard; path = JourneyTodo.storyboard; sourceTree = "<group>"; };
		CEC19ADE2650E13100DA747C /* JourneyTodoVC.swift */ = {isa = PBXFileReference; lastKnownFileType = sourcecode.swift; path = JourneyTodoVC.swift; sourceTree = "<group>"; };
		CEC19AE32650F86100DA747C /* JourneyTodoHeaderView.xib */ = {isa = PBXFileReference; lastKnownFileType = file.xib; path = JourneyTodoHeaderView.xib; sourceTree = "<group>"; };
		CEC19AE62650F87400DA747C /* JourneyTodoHeaderView.swift */ = {isa = PBXFileReference; lastKnownFileType = sourcecode.swift; path = JourneyTodoHeaderView.swift; sourceTree = "<group>"; };
		CEC48ED2262DCA9100FD887F /* DropdownItemTableViewCell.swift */ = {isa = PBXFileReference; lastKnownFileType = sourcecode.swift; path = DropdownItemTableViewCell.swift; sourceTree = "<group>"; };
		CEC48ED3262DCA9100FD887F /* DropdownItemTableViewCell.xib */ = {isa = PBXFileReference; lastKnownFileType = file.xib; path = DropdownItemTableViewCell.xib; sourceTree = "<group>"; };
		CEC48ED8262DCD2A00FD887F /* AddTodoDropdownViewModel.swift */ = {isa = PBXFileReference; lastKnownFileType = sourcecode.swift; path = AddTodoDropdownViewModel.swift; sourceTree = "<group>"; };
		CEE574D62630422600EA64B7 /* AddTodoDayTableViewCell.swift */ = {isa = PBXFileReference; lastKnownFileType = sourcecode.swift; path = AddTodoDayTableViewCell.swift; sourceTree = "<group>"; };
		CEE574D72630422600EA64B7 /* AddTodoDayTableViewCell.xib */ = {isa = PBXFileReference; lastKnownFileType = file.xib; path = AddTodoDayTableViewCell.xib; sourceTree = "<group>"; };
		CEE574E826307B4400EA64B7 /* AddTodoDayViewModel.swift */ = {isa = PBXFileReference; lastKnownFileType = sourcecode.swift; path = AddTodoDayViewModel.swift; sourceTree = "<group>"; };
		CEE574EB26307C4D00EA64B7 /* Array+.swift */ = {isa = PBXFileReference; lastKnownFileType = sourcecode.swift; path = "Array+.swift"; sourceTree = "<group>"; };
		CEE574EE26307D7C00EA64B7 /* PerDayItemCollectionViewCell.swift */ = {isa = PBXFileReference; lastKnownFileType = sourcecode.swift; name = PerDayItemCollectionViewCell.swift; path = "polaris-ios/Sources/View/CollectionViewCell/PerDayItemCollectionViewCell.swift"; sourceTree = SOURCE_ROOT; };
		CEE574EF26307D7C00EA64B7 /* PerDayItemCollectionViewCell.xib */ = {isa = PBXFileReference; lastKnownFileType = file.xib; name = PerDayItemCollectionViewCell.xib; path = "polaris-ios/Sources/Xib/CollectionViewCell/PerDayItemCollectionViewCell.xib"; sourceTree = SOURCE_ROOT; };
		CEE574F4263092A400EA64B7 /* Date+.swift */ = {isa = PBXFileReference; lastKnownFileType = sourcecode.swift; path = "Date+.swift"; sourceTree = "<group>"; };
		CEEE573B262A952000C39358 /* MockProviderFactory.swift */ = {isa = PBXFileReference; fileEncoding = 4; lastKnownFileType = sourcecode.swift; path = MockProviderFactory.swift; sourceTree = "<group>"; };
		CEEE573C262A952100C39358 /* NetworkManager.swift */ = {isa = PBXFileReference; fileEncoding = 4; lastKnownFileType = sourcecode.swift; path = NetworkManager.swift; sourceTree = "<group>"; };
		CEEE5742262A955D00C39358 /* PolarisUserManager.swift */ = {isa = PBXFileReference; fileEncoding = 4; lastKnownFileType = sourcecode.swift; path = PolarisUserManager.swift; sourceTree = "<group>"; };
		CEEE5745262A958B00C39358 /* UserDefaultKey.swift */ = {isa = PBXFileReference; fileEncoding = 4; lastKnownFileType = sourcecode.swift; path = UserDefaultKey.swift; sourceTree = "<group>"; };
		CEEE5749262A95BD00C39358 /* UserDefaultWrapper.swift */ = {isa = PBXFileReference; fileEncoding = 4; lastKnownFileType = sourcecode.swift; path = UserDefaultWrapper.swift; sourceTree = "<group>"; };
		CEEE574C262A963D00C39358 /* DeviceInfo.swift */ = {isa = PBXFileReference; fileEncoding = 4; lastKnownFileType = sourcecode.swift; path = DeviceInfo.swift; sourceTree = "<group>"; };
		CEEE574F262A965400C39358 /* HalfModalVC.swift */ = {isa = PBXFileReference; fileEncoding = 4; lastKnownFileType = sourcecode.swift; path = HalfModalVC.swift; sourceTree = "<group>"; };
		CEEE575C262AD5FA00C39358 /* AddTodo.storyboard */ = {isa = PBXFileReference; lastKnownFileType = file.storyboard; path = AddTodo.storyboard; sourceTree = "<group>"; };
		CEEE575F262AD62C00C39358 /* AddTodoVC.swift */ = {isa = PBXFileReference; lastKnownFileType = sourcecode.swift; path = AddTodoVC.swift; sourceTree = "<group>"; };
		CEEE5765262ADBA200C39358 /* AddButton.swift */ = {isa = PBXFileReference; lastKnownFileType = sourcecode.swift; path = AddButton.swift; sourceTree = "<group>"; };
		CEEE5769262AE47B00C39358 /* SampleViewController.swift */ = {isa = PBXFileReference; lastKnownFileType = sourcecode.swift; path = SampleViewController.swift; sourceTree = "<group>"; };
		CEEE576C262AE6F400C39358 /* AddTodoTextTableViewCell.swift */ = {isa = PBXFileReference; lastKnownFileType = sourcecode.swift; path = AddTodoTextTableViewCell.swift; sourceTree = "<group>"; };
		CEEE576D262AE6F400C39358 /* AddTodoTextTableViewCell.xib */ = {isa = PBXFileReference; lastKnownFileType = file.xib; path = AddTodoTextTableViewCell.xib; sourceTree = "<group>"; };
		CEEE5773262BE1DE00C39358 /* AddTodoTableViewCellProtocol.swift */ = {isa = PBXFileReference; lastKnownFileType = sourcecode.swift; path = AddTodoTableViewCellProtocol.swift; sourceTree = "<group>"; };
		CEEE5776262BE51C00C39358 /* PolarisMarginTextField.swift */ = {isa = PBXFileReference; lastKnownFileType = sourcecode.swift; path = PolarisMarginTextField.swift; sourceTree = "<group>"; };
		CEEE5779262BE54900C39358 /* PolarisMarginTextField.xib */ = {isa = PBXFileReference; lastKnownFileType = file.xib; path = PolarisMarginTextField.xib; sourceTree = "<group>"; };
		CEEE5781262C018F00C39358 /* AddTodoViewModel.swift */ = {isa = PBXFileReference; lastKnownFileType = sourcecode.swift; path = AddTodoViewModel.swift; sourceTree = "<group>"; };
		CEEE5784262C112D00C39358 /* AddTodoFixOnTopTableViewCell.swift */ = {isa = PBXFileReference; lastKnownFileType = sourcecode.swift; path = AddTodoFixOnTopTableViewCell.swift; sourceTree = "<group>"; };
		CEEE5785262C112D00C39358 /* AddTodoFixOnTopTableViewCell.xib */ = {isa = PBXFileReference; lastKnownFileType = file.xib; path = AddTodoFixOnTopTableViewCell.xib; sourceTree = "<group>"; };
		CEEE57A3262C297700C39358 /* AddTodoDropdownTableViewCell.swift */ = {isa = PBXFileReference; lastKnownFileType = sourcecode.swift; path = AddTodoDropdownTableViewCell.swift; sourceTree = "<group>"; };
		CEEE57A4262C297700C39358 /* AddTodoDropdownTableViewCell.xib */ = {isa = PBXFileReference; lastKnownFileType = file.xib; path = AddTodoDropdownTableViewCell.xib; sourceTree = "<group>"; };
		E4A6B1EFA15BD83942E79BD7 /* Pods-polaris-ios.release.xcconfig */ = {isa = PBXFileReference; includeInIndex = 1; lastKnownFileType = text.xcconfig; name = "Pods-polaris-ios.release.xcconfig"; path = "Target Support Files/Pods-polaris-ios/Pods-polaris-ios.release.xcconfig"; sourceTree = "<group>"; };
		EC49B958262EAF3D0080F8C3 /* StarNames.swift */ = {isa = PBXFileReference; lastKnownFileType = sourcecode.swift; path = StarNames.swift; sourceTree = "<group>"; };
		EC7A3BF426394C3400B59C98 /* TodoStarModel.swift */ = {isa = PBXFileReference; lastKnownFileType = sourcecode.swift; path = TodoStarModel.swift; sourceTree = "<group>"; };
		EC7A3BF726394CC900B59C98 /* MainTodoCVCViewModel.swift */ = {isa = PBXFileReference; lastKnownFileType = sourcecode.swift; path = MainTodoCVCViewModel.swift; sourceTree = "<group>"; };
		EC7A3BFA2639537A00B59C98 /* MainTodoTVCViewModel.swift */ = {isa = PBXFileReference; lastKnownFileType = sourcecode.swift; path = MainTodoTVCViewModel.swift; sourceTree = "<group>"; };
		ECA49418262817D500CC2EB8 /* TodoDate.storyboard */ = {isa = PBXFileReference; lastKnownFileType = file.storyboard; path = TodoDate.storyboard; sourceTree = "<group>"; };
		ECA4941B262819D300CC2EB8 /* TodoDateVC.swift */ = {isa = PBXFileReference; lastKnownFileType = sourcecode.swift; name = TodoDateVC.swift; path = "polaris-ios/Sources/ViewController/TodoDateVC.swift"; sourceTree = SOURCE_ROOT; };
		ECA494212628223200CC2EB8 /* TodoDateTVC.swift */ = {isa = PBXFileReference; lastKnownFileType = sourcecode.swift; path = TodoDateTVC.swift; sourceTree = "<group>"; };
		ECA494222628223200CC2EB8 /* TodoDateTVC.xib */ = {isa = PBXFileReference; lastKnownFileType = file.xib; path = TodoDateTVC.xib; sourceTree = "<group>"; };
		ECA494282628298B00CC2EB8 /* TodoModel.swift */ = {isa = PBXFileReference; lastKnownFileType = sourcecode.swift; name = TodoModel.swift; path = "polaris-ios/Sources/View/TableViewCell/TodoModel.swift"; sourceTree = SOURCE_ROOT; };
		ECA4942B262829EA00CC2EB8 /* TodoDateViewModel.swift */ = {isa = PBXFileReference; lastKnownFileType = sourcecode.swift; path = TodoDateViewModel.swift; sourceTree = "<group>"; };
		ECA4943D26284B0B00CC2EB8 /* TodoDateHeaderView.swift */ = {isa = PBXFileReference; lastKnownFileType = sourcecode.swift; path = TodoDateHeaderView.swift; sourceTree = "<group>"; };
		ECA4943E26284B0B00CC2EB8 /* TodoDateHeaderView.xib */ = {isa = PBXFileReference; lastKnownFileType = file.xib; path = TodoDateHeaderView.xib; sourceTree = "<group>"; };
		ECA4944326296F6E00CC2EB8 /* TodoDateTVCViewModel.swift */ = {isa = PBXFileReference; lastKnownFileType = sourcecode.swift; path = TodoDateTVCViewModel.swift; sourceTree = "<group>"; };
		ECA494462629729000CC2EB8 /* TodoDateModel.swift */ = {isa = PBXFileReference; lastKnownFileType = sourcecode.swift; name = TodoDateModel.swift; path = "polaris-ios/Sources/ViewModel/TodoDateModel.swift"; sourceTree = SOURCE_ROOT; };
		ECA49453262B0D0900CC2EB8 /* TodoDateTodayHeaderView.swift */ = {isa = PBXFileReference; lastKnownFileType = sourcecode.swift; path = TodoDateTodayHeaderView.swift; sourceTree = "<group>"; };
		ECA49454262B0D0900CC2EB8 /* TodoDateTodayHeaderView.xib */ = {isa = PBXFileReference; lastKnownFileType = file.xib; path = TodoDateTodayHeaderView.xib; sourceTree = "<group>"; };
		ECA4945A262C177D00CC2EB8 /* ImageName.swift */ = {isa = PBXFileReference; lastKnownFileType = sourcecode.swift; path = ImageName.swift; sourceTree = "<group>"; };
		ECA4945E262C205C00CC2EB8 /* MainScene.storyboard */ = {isa = PBXFileReference; lastKnownFileType = file.storyboard; path = MainScene.storyboard; sourceTree = "<group>"; };
		ECA49461262C20DD00CC2EB8 /* MainSceneVC.swift */ = {isa = PBXFileReference; lastKnownFileType = sourcecode.swift; path = MainSceneVC.swift; sourceTree = "<group>"; };
		ECA49464262C2C7700CC2EB8 /* MainStarTVC.swift */ = {isa = PBXFileReference; lastKnownFileType = sourcecode.swift; path = MainStarTVC.swift; sourceTree = "<group>"; };
		ECA49465262C2C7700CC2EB8 /* MainStarTVC.xib */ = {isa = PBXFileReference; lastKnownFileType = file.xib; path = MainStarTVC.xib; sourceTree = "<group>"; };
		ECA4946E262C2DD200CC2EB8 /* MainStarCVC.swift */ = {isa = PBXFileReference; lastKnownFileType = sourcecode.swift; path = MainStarCVC.swift; sourceTree = "<group>"; };
		ECA4946F262C2DD200CC2EB8 /* MainStarCVC.xib */ = {isa = PBXFileReference; lastKnownFileType = file.xib; path = MainStarCVC.xib; sourceTree = "<group>"; };
		ECA49474262C461700CC2EB8 /* MainStarModel.swift */ = {isa = PBXFileReference; lastKnownFileType = sourcecode.swift; name = MainStarModel.swift; path = "polaris-ios/Sources/View/CollectionViewCell/MainStarModel.swift"; sourceTree = SOURCE_ROOT; };
		ECA49477262C46BB00CC2EB8 /* MainSceneViewModel.swift */ = {isa = PBXFileReference; lastKnownFileType = sourcecode.swift; path = MainSceneViewModel.swift; sourceTree = "<group>"; };
		ECA4947A262C48BB00CC2EB8 /* MainStarCVCViewModel.swift */ = {isa = PBXFileReference; lastKnownFileType = sourcecode.swift; path = MainStarCVCViewModel.swift; sourceTree = "<group>"; };
		ECA4947D262C670000CC2EB8 /* MainStarTVCViewModel.swift */ = {isa = PBXFileReference; lastKnownFileType = sourcecode.swift; path = MainStarTVCViewModel.swift; sourceTree = "<group>"; };
		ECA49485262DC17A00CC2EB8 /* UILabel+.swift */ = {isa = PBXFileReference; lastKnownFileType = sourcecode.swift; path = "UILabel+.swift"; sourceTree = "<group>"; };
		ECA49488262DC40F00CC2EB8 /* String+.swift */ = {isa = PBXFileReference; lastKnownFileType = sourcecode.swift; path = "String+.swift"; sourceTree = "<group>"; };
		ECDC5A45263552A700A1B5A9 /* MainTodoTVC.swift */ = {isa = PBXFileReference; lastKnownFileType = sourcecode.swift; path = MainTodoTVC.swift; sourceTree = "<group>"; };
		ECDC5A46263552A700A1B5A9 /* MainTodoTVC.xib */ = {isa = PBXFileReference; lastKnownFileType = file.xib; path = MainTodoTVC.xib; sourceTree = "<group>"; };
		ECDC5A4B2635530300A1B5A9 /* MainTodoCVC.swift */ = {isa = PBXFileReference; lastKnownFileType = sourcecode.swift; path = MainTodoCVC.swift; sourceTree = "<group>"; };
		ECDC5A4C2635530300A1B5A9 /* MainTodoCVC.xib */ = {isa = PBXFileReference; lastKnownFileType = file.xib; path = MainTodoCVC.xib; sourceTree = "<group>"; };
		ECDC5A552636A0AB00A1B5A9 /* MainTodoContentTVC.swift */ = {isa = PBXFileReference; lastKnownFileType = sourcecode.swift; path = MainTodoContentTVC.swift; sourceTree = "<group>"; };
		ECDC5A562636A0AB00A1B5A9 /* MainTodoContentTVC.xib */ = {isa = PBXFileReference; lastKnownFileType = file.xib; path = MainTodoContentTVC.xib; sourceTree = "<group>"; };
		ECDC5A5A2636A13600A1B5A9 /* MainTodoHeaderView.swift */ = {isa = PBXFileReference; lastKnownFileType = sourcecode.swift; path = MainTodoHeaderView.swift; sourceTree = "<group>"; };
		ECDC5A5B2636A13600A1B5A9 /* MainTodoHeaderView.xib */ = {isa = PBXFileReference; lastKnownFileType = file.xib; path = MainTodoHeaderView.xib; sourceTree = "<group>"; };
/* End PBXFileReference section */

/* Begin PBXFrameworksBuildPhase section */
		CE04A02F262340D1007C98E2 /* Frameworks */ = {
			isa = PBXFrameworksBuildPhase;
			buildActionMask = 2147483647;
			files = (
				4A14F93B3F264CEEE5A11042 /* Pods_polaris_ios.framework in Frameworks */,
			);
			runOnlyForDeploymentPostprocessing = 0;
		};
/* End PBXFrameworksBuildPhase section */

/* Begin PBXGroup section */
		1EC74505173E8B15479344AC /* Frameworks */ = {
			isa = PBXGroup;
			children = (
				96F59A4C63DB82D6CF9102A2 /* Pods_polaris_ios.framework */,
			);
			name = Frameworks;
			sourceTree = "<group>";
		};
		ABEA5892F8C0FC683836E029 /* Pods */ = {
			isa = PBXGroup;
			children = (
				B99945FF07FDC10893694E03 /* Pods-polaris-ios.debug.xcconfig */,
				E4A6B1EFA15BD83942E79BD7 /* Pods-polaris-ios.release.xcconfig */,
			);
			path = Pods;
			sourceTree = "<group>";
		};
		CE04A029262340D1007C98E2 = {
			isa = PBXGroup;
			children = (
				CE04A034262340D1007C98E2 /* polaris-ios */,
				CE04A033262340D1007C98E2 /* Products */,
				ABEA5892F8C0FC683836E029 /* Pods */,
				1EC74505173E8B15479344AC /* Frameworks */,
			);
			sourceTree = "<group>";
		};
		CE04A033262340D1007C98E2 /* Products */ = {
			isa = PBXGroup;
			children = (
				CE04A032262340D1007C98E2 /* polaris-ios.app */,
			);
			name = Products;
			sourceTree = "<group>";
		};
		CE04A034262340D1007C98E2 /* polaris-ios */ = {
			isa = PBXGroup;
			children = (
				CE04A04A262340EA007C98E2 /* Resources */,
				CE04A04B262340F1007C98E2 /* Sources */,
				CE04A043262340D3007C98E2 /* Info.plist */,
			);
			path = "polaris-ios";
			sourceTree = "<group>";
		};
		CE04A04A262340EA007C98E2 /* Resources */ = {
			isa = PBXGroup;
			children = (
				CE04A03E262340D3007C98E2 /* Assets.xcassets */,
			);
			path = Resources;
			sourceTree = "<group>";
		};
		CE04A04B262340F1007C98E2 /* Sources */ = {
			isa = PBXGroup;
			children = (
				CE04A035262340D1007C98E2 /* AppDelegate.swift */,
				CE04A037262340D1007C98E2 /* SceneDelegate.swift */,
				CEEE5772262BE1B300C39358 /* Protocol */,
				CEEE5748262A958F00C39358 /* Constants */,
				CE04A07026235A4A007C98E2 /* Network */,
				CEEE5741262A954F00C39358 /* Manager */,
				CE04A06C2623584F007C98E2 /* Util */,
				CE04A05A262345EC007C98E2 /* Extension */,
				CE04A050262341E1007C98E2 /* Xib */,
				CE04A04F262341B9007C98E2 /* Storyboard */,
				CE04A04E26234111007C98E2 /* Model */,
				CE04A04D2623410D007C98E2 /* View */,
				CE04A04C26234107007C98E2 /* ViewModel */,
				ECA4941E26281FA800CC2EB8 /* ViewController */,
			);
			path = Sources;
			sourceTree = "<group>";
		};
		CE04A04C26234107007C98E2 /* ViewModel */ = {
			isa = PBXGroup;
			children = (
				ECA4942B262829EA00CC2EB8 /* TodoDateViewModel.swift */,
				ECA4944326296F6E00CC2EB8 /* TodoDateTVCViewModel.swift */,
				CEEE5781262C018F00C39358 /* AddTodoViewModel.swift */,
				CEC48ED8262DCD2A00FD887F /* AddTodoDropdownViewModel.swift */,
				ECA49477262C46BB00CC2EB8 /* MainSceneViewModel.swift */,
				ECA4947A262C48BB00CC2EB8 /* MainStarCVCViewModel.swift */,
				ECA4947D262C670000CC2EB8 /* MainStarTVCViewModel.swift */,
				CEE574E826307B4400EA64B7 /* AddTodoDayViewModel.swift */,
				CE574DA426352CB60046D20A /* AddTodoSelectStarViewModel.swift */,
				EC7A3BF426394C3400B59C98 /* TodoStarModel.swift */,
				EC7A3BF726394CC900B59C98 /* MainTodoCVCViewModel.swift */,
				EC7A3BFA2639537A00B59C98 /* MainTodoTVCViewModel.swift */,
			);
			path = ViewModel;
			sourceTree = "<group>";
		};
		CE04A04D2623410D007C98E2 /* View */ = {
			isa = PBXGroup;
			children = (
				CEEE5764262ADB8F00C39358 /* CustomView */,
				ECA494202628209C00CC2EB8 /* CollectionViewCell */,
				ECA4941F2628209500CC2EB8 /* TableViewCell */,
			);
			path = View;
			sourceTree = "<group>";
		};
		CE04A04E26234111007C98E2 /* Model */ = {
			isa = PBXGroup;
			children = (
				ECA494282628298B00CC2EB8 /* TodoModel.swift */,
				ECA494462629729000CC2EB8 /* TodoDateModel.swift */,
				ECA49474262C461700CC2EB8 /* MainStarModel.swift */,
			);
			path = Model;
			sourceTree = "<group>";
		};
		CE04A04F262341B9007C98E2 /* Storyboard */ = {
			isa = PBXGroup;
			children = (
				CE04A03B262340D1007C98E2 /* Main.storyboard */,
				CE04A040262340D3007C98E2 /* LaunchScreen.storyboard */,
				ECA49418262817D500CC2EB8 /* TodoDate.storyboard */,
				CEEE575C262AD5FA00C39358 /* AddTodo.storyboard */,
				ECA4945E262C205C00CC2EB8 /* MainScene.storyboard */,
				CEC19ADB2650E11400DA747C /* JourneyTodo.storyboard */,
			);
			path = Storyboard;
			sourceTree = "<group>";
		};
		CE04A050262341E1007C98E2 /* Xib */ = {
			isa = PBXGroup;
			children = (
				CEEE577F262BF50400C39358 /* View */,
				CEEE577D262BF4D300C39358 /* CollectionViewCell */,
				CEEE577C262BF4CD00C39358 /* TableViewCell */,
			);
			path = Xib;
			sourceTree = "<group>";
		};
		CE04A05A262345EC007C98E2 /* Extension */ = {
			isa = PBXGroup;
			children = (
				CE04A05C26234606007C98E2 /* UIColor+.swift */,
				CE04A05F262346C9007C98E2 /* UICollectionView+.swift */,
				CE04A06526234CEE007C98E2 /* UITableView+.swift */,
				CE04A06226234701007C98E2 /* UIView+.swift */,
				CE04A0692623528B007C98E2 /* UIViewController+.swift */,
				ECA49485262DC17A00CC2EB8 /* UILabel+.swift */,
				ECA49488262DC40F00CC2EB8 /* String+.swift */,
				CEE574EB26307C4D00EA64B7 /* Array+.swift */,
				CEE574F4263092A400EA64B7 /* Date+.swift */,
			);
			path = Extension;
			sourceTree = "<group>";
		};
		CE04A06C2623584F007C98E2 /* Util */ = {
			isa = PBXGroup;
			children = (
				CEEE5749262A95BD00C39358 /* UserDefaultWrapper.swift */,
				CEEE574C262A963D00C39358 /* DeviceInfo.swift */,
				EC49B958262EAF3D0080F8C3 /* StarNames.swift */,
				CE574DA126352A6D0046D20A /* PolarisStar.swift */,
			);
			path = Util;
			sourceTree = "<group>";
		};
		CE04A07026235A4A007C98E2 /* Network */ = {
			isa = PBXGroup;
			children = (
				CE04A07426235BD1007C98E2 /* DefaultSession.swift */,
				CEEE573B262A952000C39358 /* MockProviderFactory.swift */,
				CEEE573C262A952100C39358 /* NetworkManager.swift */,
			);
			path = Network;
			sourceTree = "<group>";
		};
		CEEE5741262A954F00C39358 /* Manager */ = {
			isa = PBXGroup;
			children = (
				CEEE5742262A955D00C39358 /* PolarisUserManager.swift */,
				CE574DBA26357CBC0046D20A /* PolarisToastManager.swift */,
			);
			path = Manager;
			sourceTree = "<group>";
		};
		CEEE5748262A958F00C39358 /* Constants */ = {
			isa = PBXGroup;
			children = (
				CE04A06D2623595D007C98E2 /* StoryboardName.swift */,
				CEEE5745262A958B00C39358 /* UserDefaultKey.swift */,
				ECA4945A262C177D00CC2EB8 /* ImageName.swift */,
			);
			path = Constants;
			sourceTree = "<group>";
		};
		CEEE5764262ADB8F00C39358 /* CustomView */ = {
			isa = PBXGroup;
			children = (
				CEEE5765262ADBA200C39358 /* AddButton.swift */,
				CEEE5776262BE51C00C39358 /* PolarisMarginTextField.swift */,
				CE574DC0263589180046D20A /* PolarisToastView.swift */,
				CEC19AE62650F87400DA747C /* JourneyTodoHeaderView.swift */,
			);
			path = CustomView;
			sourceTree = "<group>";
		};
		CEEE5772262BE1B300C39358 /* Protocol */ = {
			isa = PBXGroup;
			children = (
				CEEE5773262BE1DE00C39358 /* AddTodoTableViewCellProtocol.swift */,
			);
			path = Protocol;
			sourceTree = "<group>";
		};
		CEEE577C262BF4CD00C39358 /* TableViewCell */ = {
			isa = PBXGroup;
			children = (
				ECDC5A46263552A700A1B5A9 /* MainTodoTVC.xib */,
				ECDC5A562636A0AB00A1B5A9 /* MainTodoContentTVC.xib */,
				ECA49465262C2C7700CC2EB8 /* MainStarTVC.xib */,
				ECA494222628223200CC2EB8 /* TodoDateTVC.xib */,
				CEEE576D262AE6F400C39358 /* AddTodoTextTableViewCell.xib */,
				CEEE5785262C112D00C39358 /* AddTodoFixOnTopTableViewCell.xib */,
				CEEE57A4262C297700C39358 /* AddTodoDropdownTableViewCell.xib */,
				CEC48ED3262DCA9100FD887F /* DropdownItemTableViewCell.xib */,
				CEE574D72630422600EA64B7 /* AddTodoDayTableViewCell.xib */,
				CE574D96263517B60046D20A /* AddTodoSelectStarTableViewCell.xib */,
			);
			path = TableViewCell;
			sourceTree = "<group>";
		};
		CEEE577D262BF4D300C39358 /* CollectionViewCell */ = {
			isa = PBXGroup;
			children = (
				ECA4946F262C2DD200CC2EB8 /* MainStarCVC.xib */,
				ECA4943E26284B0B00CC2EB8 /* TodoDateHeaderView.xib */,
				ECA49454262B0D0900CC2EB8 /* TodoDateTodayHeaderView.xib */,
				ECDC5A4C2635530300A1B5A9 /* MainTodoCVC.xib */,
				ECDC5A5B2636A13600A1B5A9 /* MainTodoHeaderView.xib */,
				CEE574EF26307D7C00EA64B7 /* PerDayItemCollectionViewCell.xib */,
				CE574D9C263524140046D20A /* SelectStarItemCollectionViewCell.xib */,
			);
			path = CollectionViewCell;
			sourceTree = "<group>";
		};
		CEEE577F262BF50400C39358 /* View */ = {
			isa = PBXGroup;
			children = (
				CEEE5779262BE54900C39358 /* PolarisMarginTextField.xib */,
				CE574DBD263588E20046D20A /* PolarisToastView.xib */,
				CEC19AE32650F86100DA747C /* JourneyTodoHeaderView.xib */,
			);
			path = View;
			sourceTree = "<group>";
		};
		ECA4941E26281FA800CC2EB8 /* ViewController */ = {
			isa = PBXGroup;
			children = (
				ECA4941B262819D300CC2EB8 /* TodoDateVC.swift */,
				CEEE574F262A965400C39358 /* HalfModalVC.swift */,
				CEEE575F262AD62C00C39358 /* AddTodoVC.swift */,
				CE574DA7263555330046D20A /* AddTodoVC+Delegate.swift */,
				CEEE5769262AE47B00C39358 /* SampleViewController.swift */,
				ECA49461262C20DD00CC2EB8 /* MainSceneVC.swift */,
				CEC19ADE2650E13100DA747C /* JourneyTodoVC.swift */,
			);
			path = ViewController;
			sourceTree = "<group>";
		};
		ECA4941F2628209500CC2EB8 /* TableViewCell */ = {
			isa = PBXGroup;
			children = (
				ECA494212628223200CC2EB8 /* TodoDateTVC.swift */,
				ECA4943D26284B0B00CC2EB8 /* TodoDateHeaderView.swift */,
				ECA49453262B0D0900CC2EB8 /* TodoDateTodayHeaderView.swift */,
				CEEE576C262AE6F400C39358 /* AddTodoTextTableViewCell.swift */,
				CEEE5784262C112D00C39358 /* AddTodoFixOnTopTableViewCell.swift */,
				CEEE57A3262C297700C39358 /* AddTodoDropdownTableViewCell.swift */,
				CEC48ED2262DCA9100FD887F /* DropdownItemTableViewCell.swift */,
				CEE574D62630422600EA64B7 /* AddTodoDayTableViewCell.swift */,
				ECA49464262C2C7700CC2EB8 /* MainStarTVC.swift */,
				ECDC5A45263552A700A1B5A9 /* MainTodoTVC.swift */,
				ECDC5A552636A0AB00A1B5A9 /* MainTodoContentTVC.swift */,
				CE574D95263517B60046D20A /* AddTodoSelectStarTableViewCell.swift */,
			);
			path = TableViewCell;
			sourceTree = "<group>";
		};
		ECA494202628209C00CC2EB8 /* CollectionViewCell */ = {
			isa = PBXGroup;
			children = (
				ECDC5A5A2636A13600A1B5A9 /* MainTodoHeaderView.swift */,
				ECA4946E262C2DD200CC2EB8 /* MainStarCVC.swift */,
				ECDC5A4B2635530300A1B5A9 /* MainTodoCVC.swift */,
				CEE574EE26307D7C00EA64B7 /* PerDayItemCollectionViewCell.swift */,
				CE574D9B263524140046D20A /* SelectStarItemCollectionViewCell.swift */,
			);
			path = CollectionViewCell;
			sourceTree = "<group>";
		};
/* End PBXGroup section */

/* Begin PBXNativeTarget section */
		CE04A031262340D1007C98E2 /* polaris-ios */ = {
			isa = PBXNativeTarget;
			buildConfigurationList = CE04A046262340D3007C98E2 /* Build configuration list for PBXNativeTarget "polaris-ios" */;
			buildPhases = (
				441261B558955FB9298338E6 /* [CP] Check Pods Manifest.lock */,
				CE04A02E262340D1007C98E2 /* Sources */,
				CE04A02F262340D1007C98E2 /* Frameworks */,
				CE04A030262340D1007C98E2 /* Resources */,
				81B56377512B03F98CF18DC6 /* [CP] Embed Pods Frameworks */,
			);
			buildRules = (
			);
			dependencies = (
			);
			name = "polaris-ios";
			productName = "polaris-ios";
			productReference = CE04A032262340D1007C98E2 /* polaris-ios.app */;
			productType = "com.apple.product-type.application";
		};
/* End PBXNativeTarget section */

/* Begin PBXProject section */
		CE04A02A262340D1007C98E2 /* Project object */ = {
			isa = PBXProject;
			attributes = {
				LastSwiftUpdateCheck = 1240;
				LastUpgradeCheck = 1240;
				TargetAttributes = {
					CE04A031262340D1007C98E2 = {
						CreatedOnToolsVersion = 12.4;
					};
				};
			};
			buildConfigurationList = CE04A02D262340D1007C98E2 /* Build configuration list for PBXProject "polaris-ios" */;
			compatibilityVersion = "Xcode 9.3";
			developmentRegion = en;
			hasScannedForEncodings = 0;
			knownRegions = (
				en,
				Base,
			);
			mainGroup = CE04A029262340D1007C98E2;
			productRefGroup = CE04A033262340D1007C98E2 /* Products */;
			projectDirPath = "";
			projectRoot = "";
			targets = (
				CE04A031262340D1007C98E2 /* polaris-ios */,
			);
		};
/* End PBXProject section */

/* Begin PBXResourcesBuildPhase section */
		CE04A030262340D1007C98E2 /* Resources */ = {
			isa = PBXResourcesBuildPhase;
			buildActionMask = 2147483647;
			files = (
				CEE574D92630422600EA64B7 /* AddTodoDayTableViewCell.xib in Resources */,
				ECA49471262C2DD200CC2EB8 /* MainStarCVC.xib in Resources */,
				CEEE575D262AD5FA00C39358 /* AddTodo.storyboard in Resources */,
				ECA494242628223200CC2EB8 /* TodoDateTVC.xib in Resources */,
				CEE574F126307D7C00EA64B7 /* PerDayItemCollectionViewCell.xib in Resources */,
				CE574D98263517B60046D20A /* AddTodoSelectStarTableViewCell.xib in Resources */,
				CE04A042262340D3007C98E2 /* LaunchScreen.storyboard in Resources */,
				CE04A03F262340D3007C98E2 /* Assets.xcassets in Resources */,
				CEEE57A6262C297700C39358 /* AddTodoDropdownTableViewCell.xib in Resources */,
				CEEE5787262C112E00C39358 /* AddTodoFixOnTopTableViewCell.xib in Resources */,
				ECA49467262C2C7700CC2EB8 /* MainStarTVC.xib in Resources */,
				CEEE576F262AE6F400C39358 /* AddTodoTextTableViewCell.xib in Resources */,
				ECA49419262817D500CC2EB8 /* TodoDate.storyboard in Resources */,
				CE574D9E263524140046D20A /* SelectStarItemCollectionViewCell.xib in Resources */,
				CE574DBE263588E20046D20A /* PolarisToastView.xib in Resources */,
				ECA49456262B0D0900CC2EB8 /* TodoDateTodayHeaderView.xib in Resources */,
				CE04A03D262340D1007C98E2 /* Main.storyboard in Resources */,
				ECDC5A582636A0AB00A1B5A9 /* MainTodoContentTVC.xib in Resources */,
				ECDC5A48263552A700A1B5A9 /* MainTodoTVC.xib in Resources */,
				CEC19AE42650F86100DA747C /* JourneyTodoHeaderView.xib in Resources */,
				ECDC5A4E2635530300A1B5A9 /* MainTodoCVC.xib in Resources */,
				CEC48ED5262DCA9100FD887F /* DropdownItemTableViewCell.xib in Resources */,
				ECA4944026284B0B00CC2EB8 /* TodoDateHeaderView.xib in Resources */,
				CEEE577A262BE54900C39358 /* PolarisMarginTextField.xib in Resources */,
				CEC19ADC2650E11400DA747C /* JourneyTodo.storyboard in Resources */,
				ECDC5A5D2636A13600A1B5A9 /* MainTodoHeaderView.xib in Resources */,
				ECA4945F262C205C00CC2EB8 /* MainScene.storyboard in Resources */,
			);
			runOnlyForDeploymentPostprocessing = 0;
		};
/* End PBXResourcesBuildPhase section */

/* Begin PBXShellScriptBuildPhase section */
		441261B558955FB9298338E6 /* [CP] Check Pods Manifest.lock */ = {
			isa = PBXShellScriptBuildPhase;
			buildActionMask = 2147483647;
			files = (
			);
			inputFileListPaths = (
			);
			inputPaths = (
				"${PODS_PODFILE_DIR_PATH}/Podfile.lock",
				"${PODS_ROOT}/Manifest.lock",
			);
			name = "[CP] Check Pods Manifest.lock";
			outputFileListPaths = (
			);
			outputPaths = (
				"$(DERIVED_FILE_DIR)/Pods-polaris-ios-checkManifestLockResult.txt",
			);
			runOnlyForDeploymentPostprocessing = 0;
			shellPath = /bin/sh;
			shellScript = "diff \"${PODS_PODFILE_DIR_PATH}/Podfile.lock\" \"${PODS_ROOT}/Manifest.lock\" > /dev/null\nif [ $? != 0 ] ; then\n    # print error to STDERR\n    echo \"error: The sandbox is not in sync with the Podfile.lock. Run 'pod install' or update your CocoaPods installation.\" >&2\n    exit 1\nfi\n# This output is used by Xcode 'outputs' to avoid re-running this script phase.\necho \"SUCCESS\" > \"${SCRIPT_OUTPUT_FILE_0}\"\n";
			showEnvVarsInLog = 0;
		};
		81B56377512B03F98CF18DC6 /* [CP] Embed Pods Frameworks */ = {
			isa = PBXShellScriptBuildPhase;
			buildActionMask = 2147483647;
			files = (
			);
			inputFileListPaths = (
				"${PODS_ROOT}/Target Support Files/Pods-polaris-ios/Pods-polaris-ios-frameworks-${CONFIGURATION}-input-files.xcfilelist",
			);
			name = "[CP] Embed Pods Frameworks";
			outputFileListPaths = (
				"${PODS_ROOT}/Target Support Files/Pods-polaris-ios/Pods-polaris-ios-frameworks-${CONFIGURATION}-output-files.xcfilelist",
			);
			runOnlyForDeploymentPostprocessing = 0;
			shellPath = /bin/sh;
			shellScript = "\"${PODS_ROOT}/Target Support Files/Pods-polaris-ios/Pods-polaris-ios-frameworks.sh\"\n";
			showEnvVarsInLog = 0;
		};
/* End PBXShellScriptBuildPhase section */

/* Begin PBXSourcesBuildPhase section */
		CE04A02E262340D1007C98E2 /* Sources */ = {
			isa = PBXSourcesBuildPhase;
			buildActionMask = 2147483647;
			files = (
				CEEE573E262A952100C39358 /* NetworkManager.swift in Sources */,
				ECA4941C262819D300CC2EB8 /* TodoDateVC.swift in Sources */,
				CEEE57A5262C297700C39358 /* AddTodoDropdownTableViewCell.swift in Sources */,
				ECA49486262DC17A00CC2EB8 /* UILabel+.swift in Sources */,
				CE04A06A2623528C007C98E2 /* UIViewController+.swift in Sources */,
				ECDC5A5C2636A13600A1B5A9 /* MainTodoHeaderView.swift in Sources */,
				ECA49489262DC40F00CC2EB8 /* String+.swift in Sources */,
				CEEE5766262ADBA200C39358 /* AddButton.swift in Sources */,
				CEEE5782262C018F00C39358 /* AddTodoViewModel.swift in Sources */,
				CEEE5786262C112E00C39358 /* AddTodoFixOnTopTableViewCell.swift in Sources */,
				CEEE574A262A95BD00C39358 /* UserDefaultWrapper.swift in Sources */,
				CEC48ED4262DCA9100FD887F /* DropdownItemTableViewCell.swift in Sources */,
				ECA4944426296F6E00CC2EB8 /* TodoDateTVCViewModel.swift in Sources */,
				CEE574F5263092A400EA64B7 /* Date+.swift in Sources */,
				CEEE573D262A952100C39358 /* MockProviderFactory.swift in Sources */,
				CE574DA226352A6D0046D20A /* PolarisStar.swift in Sources */,
				CEE574EC26307C4D00EA64B7 /* Array+.swift in Sources */,
				ECA49466262C2C7700CC2EB8 /* MainStarTVC.swift in Sources */,
				CEEE5743262A955D00C39358 /* PolarisUserManager.swift in Sources */,
				ECA49462262C20DD00CC2EB8 /* MainSceneVC.swift in Sources */,
				CE04A06E2623595D007C98E2 /* StoryboardName.swift in Sources */,
				CEC48ED9262DCD2A00FD887F /* AddTodoDropdownViewModel.swift in Sources */,
				CE04A07526235BD1007C98E2 /* DefaultSession.swift in Sources */,
				CEEE5746262A958B00C39358 /* UserDefaultKey.swift in Sources */,
				ECA49478262C46BB00CC2EB8 /* MainSceneViewModel.swift in Sources */,
				ECA49470262C2DD200CC2EB8 /* MainStarCVC.swift in Sources */,
				CE574DA8263555330046D20A /* AddTodoVC+Delegate.swift in Sources */,
				CEEE5750262A965400C39358 /* HalfModalVC.swift in Sources */,
				ECDC5A572636A0AB00A1B5A9 /* MainTodoContentTVC.swift in Sources */,
				ECA4945B262C177D00CC2EB8 /* ImageName.swift in Sources */,
				CE04A036262340D1007C98E2 /* AppDelegate.swift in Sources */,
				CE04A038262340D1007C98E2 /* SceneDelegate.swift in Sources */,
				CE04A060262346C9007C98E2 /* UICollectionView+.swift in Sources */,
				ECDC5A4D2635530300A1B5A9 /* MainTodoCVC.swift in Sources */,
				CE574DC1263589180046D20A /* PolarisToastView.swift in Sources */,
				CEC19AE72650F87400DA747C /* JourneyTodoHeaderView.swift in Sources */,
				CEE574D82630422600EA64B7 /* AddTodoDayTableViewCell.swift in Sources */,
				ECA49455262B0D0900CC2EB8 /* TodoDateTodayHeaderView.swift in Sources */,
				CEE574F026307D7C00EA64B7 /* PerDayItemCollectionViewCell.swift in Sources */,
				CEE574E926307B4400EA64B7 /* AddTodoDayViewModel.swift in Sources */,
				CE04A06626234CEE007C98E2 /* UITableView+.swift in Sources */,
				ECA494292628298B00CC2EB8 /* TodoModel.swift in Sources */,
				CE574DA526352CB60046D20A /* AddTodoSelectStarViewModel.swift in Sources */,
				CEEE5774262BE1DE00C39358 /* AddTodoTableViewCellProtocol.swift in Sources */,
				CEEE574D262A963D00C39358 /* DeviceInfo.swift in Sources */,
				ECA4947E262C670000CC2EB8 /* MainStarTVCViewModel.swift in Sources */,
				ECA494472629729000CC2EB8 /* TodoDateModel.swift in Sources */,
				ECA49475262C461700CC2EB8 /* MainStarModel.swift in Sources */,
				ECDC5A47263552A700A1B5A9 /* MainTodoTVC.swift in Sources */,
				CEEE5760262AD62C00C39358 /* AddTodoVC.swift in Sources */,
				CE574D9D263524140046D20A /* SelectStarItemCollectionViewCell.swift in Sources */,
				CEEE576A262AE47B00C39358 /* SampleViewController.swift in Sources */,
				CEEE576E262AE6F400C39358 /* AddTodoTextTableViewCell.swift in Sources */,
				EC7A3BF526394C3400B59C98 /* TodoStarModel.swift in Sources */,
				CEEE5777262BE51C00C39358 /* PolarisMarginTextField.swift in Sources */,
				ECA4943F26284B0B00CC2EB8 /* TodoDateHeaderView.swift in Sources */,
				CE574DBB26357CBC0046D20A /* PolarisToastManager.swift in Sources */,
				EC7A3BF826394CC900B59C98 /* MainTodoCVCViewModel.swift in Sources */,
				CEC19ADF2650E13100DA747C /* JourneyTodoVC.swift in Sources */,
				EC7A3BFB2639537A00B59C98 /* MainTodoTVCViewModel.swift in Sources */,
				EC49B959262EAF3D0080F8C3 /* StarNames.swift in Sources */,
				ECA4942C262829EA00CC2EB8 /* TodoDateViewModel.swift in Sources */,
				CE574D97263517B60046D20A /* AddTodoSelectStarTableViewCell.swift in Sources */,
				CE04A05D26234606007C98E2 /* UIColor+.swift in Sources */,
				CE04A06326234701007C98E2 /* UIView+.swift in Sources */,
				ECA4947B262C48BB00CC2EB8 /* MainStarCVCViewModel.swift in Sources */,
				ECA494232628223200CC2EB8 /* TodoDateTVC.swift in Sources */,
			);
			runOnlyForDeploymentPostprocessing = 0;
		};
/* End PBXSourcesBuildPhase section */

/* Begin PBXVariantGroup section */
		CE04A03B262340D1007C98E2 /* Main.storyboard */ = {
			isa = PBXVariantGroup;
			children = (
				CE04A03C262340D1007C98E2 /* Base */,
			);
			name = Main.storyboard;
			sourceTree = "<group>";
		};
		CE04A040262340D3007C98E2 /* LaunchScreen.storyboard */ = {
			isa = PBXVariantGroup;
			children = (
				CE04A041262340D3007C98E2 /* Base */,
			);
			name = LaunchScreen.storyboard;
			sourceTree = "<group>";
		};
/* End PBXVariantGroup section */

/* Begin XCBuildConfiguration section */
		CE04A044262340D3007C98E2 /* Debug */ = {
			isa = XCBuildConfiguration;
			buildSettings = {
				ALWAYS_SEARCH_USER_PATHS = NO;
				CLANG_ANALYZER_NONNULL = YES;
				CLANG_ANALYZER_NUMBER_OBJECT_CONVERSION = YES_AGGRESSIVE;
				CLANG_CXX_LANGUAGE_STANDARD = "gnu++14";
				CLANG_CXX_LIBRARY = "libc++";
				CLANG_ENABLE_MODULES = YES;
				CLANG_ENABLE_OBJC_ARC = YES;
				CLANG_ENABLE_OBJC_WEAK = YES;
				CLANG_WARN_BLOCK_CAPTURE_AUTORELEASING = YES;
				CLANG_WARN_BOOL_CONVERSION = YES;
				CLANG_WARN_COMMA = YES;
				CLANG_WARN_CONSTANT_CONVERSION = YES;
				CLANG_WARN_DEPRECATED_OBJC_IMPLEMENTATIONS = YES;
				CLANG_WARN_DIRECT_OBJC_ISA_USAGE = YES_ERROR;
				CLANG_WARN_DOCUMENTATION_COMMENTS = YES;
				CLANG_WARN_EMPTY_BODY = YES;
				CLANG_WARN_ENUM_CONVERSION = YES;
				CLANG_WARN_INFINITE_RECURSION = YES;
				CLANG_WARN_INT_CONVERSION = YES;
				CLANG_WARN_NON_LITERAL_NULL_CONVERSION = YES;
				CLANG_WARN_OBJC_IMPLICIT_RETAIN_SELF = YES;
				CLANG_WARN_OBJC_LITERAL_CONVERSION = YES;
				CLANG_WARN_OBJC_ROOT_CLASS = YES_ERROR;
				CLANG_WARN_QUOTED_INCLUDE_IN_FRAMEWORK_HEADER = YES;
				CLANG_WARN_RANGE_LOOP_ANALYSIS = YES;
				CLANG_WARN_STRICT_PROTOTYPES = YES;
				CLANG_WARN_SUSPICIOUS_MOVE = YES;
				CLANG_WARN_UNGUARDED_AVAILABILITY = YES_AGGRESSIVE;
				CLANG_WARN_UNREACHABLE_CODE = YES;
				CLANG_WARN__DUPLICATE_METHOD_MATCH = YES;
				COPY_PHASE_STRIP = NO;
				DEBUG_INFORMATION_FORMAT = dwarf;
				ENABLE_STRICT_OBJC_MSGSEND = YES;
				ENABLE_TESTABILITY = YES;
				GCC_C_LANGUAGE_STANDARD = gnu11;
				GCC_DYNAMIC_NO_PIC = NO;
				GCC_NO_COMMON_BLOCKS = YES;
				GCC_OPTIMIZATION_LEVEL = 0;
				GCC_PREPROCESSOR_DEFINITIONS = (
					"DEBUG=1",
					"$(inherited)",
				);
				GCC_WARN_64_TO_32_BIT_CONVERSION = YES;
				GCC_WARN_ABOUT_RETURN_TYPE = YES_ERROR;
				GCC_WARN_UNDECLARED_SELECTOR = YES;
				GCC_WARN_UNINITIALIZED_AUTOS = YES_AGGRESSIVE;
				GCC_WARN_UNUSED_FUNCTION = YES;
				GCC_WARN_UNUSED_VARIABLE = YES;
				IPHONEOS_DEPLOYMENT_TARGET = 14.4;
				MTL_ENABLE_DEBUG_INFO = INCLUDE_SOURCE;
				MTL_FAST_MATH = YES;
				ONLY_ACTIVE_ARCH = YES;
				SDKROOT = iphoneos;
				SWIFT_ACTIVE_COMPILATION_CONDITIONS = DEBUG;
				SWIFT_OPTIMIZATION_LEVEL = "-Onone";
			};
			name = Debug;
		};
		CE04A045262340D3007C98E2 /* Release */ = {
			isa = XCBuildConfiguration;
			buildSettings = {
				ALWAYS_SEARCH_USER_PATHS = NO;
				CLANG_ANALYZER_NONNULL = YES;
				CLANG_ANALYZER_NUMBER_OBJECT_CONVERSION = YES_AGGRESSIVE;
				CLANG_CXX_LANGUAGE_STANDARD = "gnu++14";
				CLANG_CXX_LIBRARY = "libc++";
				CLANG_ENABLE_MODULES = YES;
				CLANG_ENABLE_OBJC_ARC = YES;
				CLANG_ENABLE_OBJC_WEAK = YES;
				CLANG_WARN_BLOCK_CAPTURE_AUTORELEASING = YES;
				CLANG_WARN_BOOL_CONVERSION = YES;
				CLANG_WARN_COMMA = YES;
				CLANG_WARN_CONSTANT_CONVERSION = YES;
				CLANG_WARN_DEPRECATED_OBJC_IMPLEMENTATIONS = YES;
				CLANG_WARN_DIRECT_OBJC_ISA_USAGE = YES_ERROR;
				CLANG_WARN_DOCUMENTATION_COMMENTS = YES;
				CLANG_WARN_EMPTY_BODY = YES;
				CLANG_WARN_ENUM_CONVERSION = YES;
				CLANG_WARN_INFINITE_RECURSION = YES;
				CLANG_WARN_INT_CONVERSION = YES;
				CLANG_WARN_NON_LITERAL_NULL_CONVERSION = YES;
				CLANG_WARN_OBJC_IMPLICIT_RETAIN_SELF = YES;
				CLANG_WARN_OBJC_LITERAL_CONVERSION = YES;
				CLANG_WARN_OBJC_ROOT_CLASS = YES_ERROR;
				CLANG_WARN_QUOTED_INCLUDE_IN_FRAMEWORK_HEADER = YES;
				CLANG_WARN_RANGE_LOOP_ANALYSIS = YES;
				CLANG_WARN_STRICT_PROTOTYPES = YES;
				CLANG_WARN_SUSPICIOUS_MOVE = YES;
				CLANG_WARN_UNGUARDED_AVAILABILITY = YES_AGGRESSIVE;
				CLANG_WARN_UNREACHABLE_CODE = YES;
				CLANG_WARN__DUPLICATE_METHOD_MATCH = YES;
				COPY_PHASE_STRIP = NO;
				DEBUG_INFORMATION_FORMAT = "dwarf-with-dsym";
				ENABLE_NS_ASSERTIONS = NO;
				ENABLE_STRICT_OBJC_MSGSEND = YES;
				GCC_C_LANGUAGE_STANDARD = gnu11;
				GCC_NO_COMMON_BLOCKS = YES;
				GCC_WARN_64_TO_32_BIT_CONVERSION = YES;
				GCC_WARN_ABOUT_RETURN_TYPE = YES_ERROR;
				GCC_WARN_UNDECLARED_SELECTOR = YES;
				GCC_WARN_UNINITIALIZED_AUTOS = YES_AGGRESSIVE;
				GCC_WARN_UNUSED_FUNCTION = YES;
				GCC_WARN_UNUSED_VARIABLE = YES;
				IPHONEOS_DEPLOYMENT_TARGET = 14.4;
				MTL_ENABLE_DEBUG_INFO = NO;
				MTL_FAST_MATH = YES;
				SDKROOT = iphoneos;
				SWIFT_COMPILATION_MODE = wholemodule;
				SWIFT_OPTIMIZATION_LEVEL = "-O";
				VALIDATE_PRODUCT = YES;
			};
			name = Release;
		};
		CE04A047262340D3007C98E2 /* Debug */ = {
			isa = XCBuildConfiguration;
			baseConfigurationReference = B99945FF07FDC10893694E03 /* Pods-polaris-ios.debug.xcconfig */;
			buildSettings = {
				ASSETCATALOG_COMPILER_APPICON_NAME = AppIcon;
				ASSETCATALOG_COMPILER_GLOBAL_ACCENT_COLOR_NAME = AccentColor;
				CODE_SIGN_STYLE = Automatic;
				CURRENT_PROJECT_VERSION = 1;
				DEVELOPMENT_TEAM = 6ZTQ76LJPZ;
				INFOPLIST_FILE = "polaris-ios/Info.plist";
				IPHONEOS_DEPLOYMENT_TARGET = 13.0;
				LD_RUNPATH_SEARCH_PATHS = (
					"$(inherited)",
					"@executable_path/Frameworks",
				);
				MARKETING_VERSION = 1.0;
				PRODUCT_BUNDLE_IDENTIFIER = "com.dongminyoon.polaris-ios";
				PRODUCT_NAME = "$(TARGET_NAME)";
				SWIFT_VERSION = 5.0;
				TARGETED_DEVICE_FAMILY = 1;
			};
			name = Debug;
		};
		CE04A048262340D3007C98E2 /* Release */ = {
			isa = XCBuildConfiguration;
			baseConfigurationReference = E4A6B1EFA15BD83942E79BD7 /* Pods-polaris-ios.release.xcconfig */;
			buildSettings = {
				ASSETCATALOG_COMPILER_APPICON_NAME = AppIcon;
				ASSETCATALOG_COMPILER_GLOBAL_ACCENT_COLOR_NAME = AccentColor;
				CODE_SIGN_STYLE = Automatic;
				CURRENT_PROJECT_VERSION = 1;
				DEVELOPMENT_TEAM = 6ZTQ76LJPZ;
				INFOPLIST_FILE = "polaris-ios/Info.plist";
				IPHONEOS_DEPLOYMENT_TARGET = 13.0;
				LD_RUNPATH_SEARCH_PATHS = (
					"$(inherited)",
					"@executable_path/Frameworks",
				);
				MARKETING_VERSION = 1.0;
				PRODUCT_BUNDLE_IDENTIFIER = "com.dongminyoon.polaris-ios";
				PRODUCT_NAME = "$(TARGET_NAME)";
				SWIFT_VERSION = 5.0;
				TARGETED_DEVICE_FAMILY = 1;
			};
			name = Release;
		};
/* End XCBuildConfiguration section */

/* Begin XCConfigurationList section */
		CE04A02D262340D1007C98E2 /* Build configuration list for PBXProject "polaris-ios" */ = {
			isa = XCConfigurationList;
			buildConfigurations = (
				CE04A044262340D3007C98E2 /* Debug */,
				CE04A045262340D3007C98E2 /* Release */,
			);
			defaultConfigurationIsVisible = 0;
			defaultConfigurationName = Release;
		};
		CE04A046262340D3007C98E2 /* Build configuration list for PBXNativeTarget "polaris-ios" */ = {
			isa = XCConfigurationList;
			buildConfigurations = (
				CE04A047262340D3007C98E2 /* Debug */,
				CE04A048262340D3007C98E2 /* Release */,
			);
			defaultConfigurationIsVisible = 0;
			defaultConfigurationName = Release;
		};
/* End XCConfigurationList section */
	};
	rootObject = CE04A02A262340D1007C98E2 /* Project object */;
}
